<?xml version="1.0" encoding="utf-8"?>
<Project ToolsVersion="4.0" xmlns="http://schemas.microsoft.com/developer/msbuild/2003">
  <ItemGroup>
    <ClCompile Include="main.cpp" />
    <ClCompile Include="Extern\Enemy\Enemy.cpp" />
  </ItemGroup>
  <ItemGroup>
    <ClInclude Include="Extern\Enemy\Enemy.h" />
  </ItemGroup>
  <ItemGroup>
    <Font Include="basic.ttf" />
    <Font Include="Pixel.ttf" />
  </ItemGroup>
  <ItemGroup>
    <None Include="color basic eula.pdf" />
    <None Include="libfreetype-6.dll" />
    <None Include="libjpeg-9.dll" />
    <None Include="libpng16-16.dll" />
    <None Include="libtiff-5.dll" />
    <None Include="libwebp-7.dll" />
    <None Include="SDL2.dll" />
    <None Include="SDL2_image.dll" />
    <None Include="SDL2_ttf.dll" />
    <None Include="zlib1.dll" />
  </ItemGroup>
  <ItemGroup>
    <Library Include="SnowEngine\lib\SDL2.lib" />
    <Library Include="SnowEngine\lib\SDL2_image.lib" />
    <Library Include="SnowEngine\lib\SDL2_ttf.lib" />
    <Library Include="SnowEngine\lib\SDL2main.lib" />
    <Library Include="SnowEngine\lib\SDL2test.lib" />
    <Library Include="SnowEngine\lib\SnowEngine.lib" />
    <Library Include="SnowEngine\lib_debug\SDL2.lib" />
    <Library Include="SnowEngine\lib_debug\SDL2_image.lib" />
    <Library Include="SnowEngine\lib_debug\SDL2_ttf.lib" />
    <Library Include="SnowEngine\lib_debug\SDL2main.lib" />
    <Library Include="SnowEngine\lib_debug\SDL2test.lib" />
    <Library Include="SnowEngine\lib_debug\SnowEngine.lib" />
    <Library Include="..\SnowEngine\x64\Debug\SnowEngine.lib" />
  </ItemGroup>
  <ItemGroup>
    <Image Include="sun.png" />
    <Image Include="Sprites\ball.png" />
    <Image Include="Sprites\Snowman\snowman_body0000.png" />
    <Image Include="Sprites\Snowman\snowman_body0001.png" />
    <Image Include="Sprites\Snowman\snowman_body0002.png" />
    <Image Include="Sprites\Snowman\snowman_head0000.png" />
    <Image Include="Sprites\Snowman\snowman_head0001.png" />
    <Image Include="Sprites\Snowman\snowman_head0002.png" />
    <Image Include="Sprites\Snowman\melt0000.png" />
    <Image Include="Sprites\Snowman\melt0001.png" />
    <Image Include="Sprites\Snowman\melt0002.png" />
    <Image Include="Sprites\Snowman\melt0003.png" />
    <Image Include="Sprites\Snowman\melt0004.png" />
    <Image Include="Sprites\Snowman\snowman_body0003.png" />
    <Image Include="Sprites\Snowman\snowman_middle0000.png" />
    <Image Include="Sprites\Snowman\snowman_middle0001.png" />
    <Image Include="Sprites\Snowman\snowman_middle0002.png" />
  </ItemGroup>
</Project>